
Microsoft Visual Studio Solution File, Format Version 12.00
# Visual Studio Version 17
VisualStudioVersion = 17.9.34607.119
MinimumVisualStudioVersion = 10.0.40219.1
Project("{9A19103F-16F7-4668-BE54-9A1E7A4F7556}") = "TestProj", "TestProj\TestProj.csproj", "{D3AFD98D-74C8-4577-A32C-8537098873DA}"
EndProject
Project("{9A19103F-16F7-4668-BE54-9A1E7A4F7556}") = "TestProj.Desktop", "TestProj.Desktop\TestProj.Desktop.csproj", "{7057FAD5-76BD-4368-AC3E-6660CB981159}"
EndProject
Global
	GlobalSection(SolutionConfigurationPlatforms) = preSolution
		Debug|Any CPU = Debug|Any CPU
		Release|Any CPU = Release|Any CPU
	EndGlobalSection
	GlobalSection(ProjectConfigurationPlatforms) = postSolution
		{D3AFD98D-74C8-4577-A32C-8537098873DA}.Debug|Any CPU.ActiveCfg = Debug|Any CPU
		{D3AFD98D-74C8-4577-A32C-8537098873DA}.Debug|Any CPU.Build.0 = Debug|Any CPU
		{D3AFD98D-74C8-4577-A32C-8537098873DA}.Release|Any CPU.ActiveCfg = Release|Any CPU
		{D3AFD98D-74C8-4577-A32C-8537098873DA}.Release|Any CPU.Build.0 = Release|Any CPU
		{7057FAD5-76BD-4368-AC3E-6660CB981159}.Debug|Any CPU.ActiveCfg = Debug|Any CPU
		{7057FAD5-76BD-4368-AC3E-6660CB981159}.Debug|Any CPU.Build.0 = Debug|Any CPU
		{7057FAD5-76BD-4368-AC3E-6660CB981159}.Release|Any CPU.ActiveCfg = Release|Any CPU
		{7057FAD5-76BD-4368-AC3E-6660CB981159}.Release|Any CPU.Build.0 = Release|Any CPU
	EndGlobalSection
	GlobalSection(SolutionProperties) = preSolution
		HideSolutionNode = FALSE
	EndGlobalSection
	GlobalSection(ExtensibilityGlobals) = postSolution
		SolutionGuid = {04FBD214-B1B9-475B-9428-99A56FB5E0C4}
	EndGlobalSection
EndGlobal
